
Microsoft Visual Studio Solution File, Format Version 12.00
# Visual Studio Version 16
VisualStudioVersion = 16.0.30011.22
MinimumVisualStudioVersion = 10.0.40219.1
Project("{FAE04EC0-301F-11D3-BF4B-00C04F79EFBC}") = "Questão 8 - Lista 2", "Questão 8 - Lista 2\Questão 8 - Lista 2.csproj", "{7A48EF5A-9D0B-4AE8-907D-E0014D817310}"
EndProject
Global
	GlobalSection(SolutionConfigurationPlatforms) = preSolution
		Debug|Any CPU = Debug|Any CPU
		Release|Any CPU = Release|Any CPU
	EndGlobalSection
	GlobalSection(ProjectConfigurationPlatforms) = postSolution
		{7A48EF5A-9D0B-4AE8-907D-E0014D817310}.Debug|Any CPU.ActiveCfg = Debug|Any CPU
		{7A48EF5A-9D0B-4AE8-907D-E0014D817310}.Debug|Any CPU.Build.0 = Debug|Any CPU
		{7A48EF5A-9D0B-4AE8-907D-E0014D817310}.Release|Any CPU.ActiveCfg = Release|Any CPU
		{7A48EF5A-9D0B-4AE8-907D-E0014D817310}.Release|Any CPU.Build.0 = Release|Any CPU
	EndGlobalSection
	GlobalSection(SolutionProperties) = preSolution
		HideSolutionNode = FALSE
	EndGlobalSection
	GlobalSection(ExtensibilityGlobals) = postSolution
		SolutionGuid = {E54EC20F-458B-4DF0-B2B2-10763497CF95}
	EndGlobalSection
EndGlobal
