
Microsoft Visual Studio Solution File, Format Version 12.00
# Visual Studio Version 16
VisualStudioVersion = 16.0.30011.22
MinimumVisualStudioVersion = 10.0.40219.1
Project("{FAE04EC0-301F-11D3-BF4B-00C04F79EFBC}") = "Questão 4 - Lista 2 (While)", "Questão 4 - Lista 2 (While)\Questão 4 - Lista 2 (While).csproj", "{06129F15-3D7D-472A-B5F8-BE9B09AD4923}"
EndProject
Global
	GlobalSection(SolutionConfigurationPlatforms) = preSolution
		Debug|Any CPU = Debug|Any CPU
		Release|Any CPU = Release|Any CPU
	EndGlobalSection
	GlobalSection(ProjectConfigurationPlatforms) = postSolution
		{06129F15-3D7D-472A-B5F8-BE9B09AD4923}.Debug|Any CPU.ActiveCfg = Debug|Any CPU
		{06129F15-3D7D-472A-B5F8-BE9B09AD4923}.Debug|Any CPU.Build.0 = Debug|Any CPU
		{06129F15-3D7D-472A-B5F8-BE9B09AD4923}.Release|Any CPU.ActiveCfg = Release|Any CPU
		{06129F15-3D7D-472A-B5F8-BE9B09AD4923}.Release|Any CPU.Build.0 = Release|Any CPU
	EndGlobalSection
	GlobalSection(SolutionProperties) = preSolution
		HideSolutionNode = FALSE
	EndGlobalSection
	GlobalSection(ExtensibilityGlobals) = postSolution
		SolutionGuid = {2396A0B1-AFEF-47D5-9231-3BB2338A9325}
	EndGlobalSection
EndGlobal
