
Microsoft Visual Studio Solution File, Format Version 12.00
# Visual Studio Version 16
VisualStudioVersion = 16.0.30011.22
MinimumVisualStudioVersion = 10.0.40219.1
Project("{FAE04EC0-301F-11D3-BF4B-00C04F79EFBC}") = "Exercício Do While ( porf Leo e Davi)", "Exercício Do While ( porf Leo e Davi)\Exercício Do While ( porf Leo e Davi).csproj", "{52353531-563A-428C-9ACB-0DA931FA6D22}"
EndProject
Global
	GlobalSection(SolutionConfigurationPlatforms) = preSolution
		Debug|Any CPU = Debug|Any CPU
		Release|Any CPU = Release|Any CPU
	EndGlobalSection
	GlobalSection(ProjectConfigurationPlatforms) = postSolution
		{52353531-563A-428C-9ACB-0DA931FA6D22}.Debug|Any CPU.ActiveCfg = Debug|Any CPU
		{52353531-563A-428C-9ACB-0DA931FA6D22}.Debug|Any CPU.Build.0 = Debug|Any CPU
		{52353531-563A-428C-9ACB-0DA931FA6D22}.Release|Any CPU.ActiveCfg = Release|Any CPU
		{52353531-563A-428C-9ACB-0DA931FA6D22}.Release|Any CPU.Build.0 = Release|Any CPU
	EndGlobalSection
	GlobalSection(SolutionProperties) = preSolution
		HideSolutionNode = FALSE
	EndGlobalSection
	GlobalSection(ExtensibilityGlobals) = postSolution
		SolutionGuid = {643449B7-7759-4D39-A2A3-F39DFE7736C4}
	EndGlobalSection
EndGlobal
