
Microsoft Visual Studio Solution File, Format Version 12.00
# Visual Studio Version 16
VisualStudioVersion = 16.0.30011.22
MinimumVisualStudioVersion = 10.0.40219.1
Project("{FAE04EC0-301F-11D3-BF4B-00C04F79EFBC}") = "Exercícos While - Prof Leo", "Exercícos While - Prof Leo\Exercícos While - Prof Leo.csproj", "{0DC49E94-3CAE-43C9-82D2-41B938D95BFC}"
EndProject
Global
	GlobalSection(SolutionConfigurationPlatforms) = preSolution
		Debug|Any CPU = Debug|Any CPU
		Release|Any CPU = Release|Any CPU
	EndGlobalSection
	GlobalSection(ProjectConfigurationPlatforms) = postSolution
		{0DC49E94-3CAE-43C9-82D2-41B938D95BFC}.Debug|Any CPU.ActiveCfg = Debug|Any CPU
		{0DC49E94-3CAE-43C9-82D2-41B938D95BFC}.Debug|Any CPU.Build.0 = Debug|Any CPU
		{0DC49E94-3CAE-43C9-82D2-41B938D95BFC}.Release|Any CPU.ActiveCfg = Release|Any CPU
		{0DC49E94-3CAE-43C9-82D2-41B938D95BFC}.Release|Any CPU.Build.0 = Release|Any CPU
	EndGlobalSection
	GlobalSection(SolutionProperties) = preSolution
		HideSolutionNode = FALSE
	EndGlobalSection
	GlobalSection(ExtensibilityGlobals) = postSolution
		SolutionGuid = {A1D6F4D1-48AA-498A-AF8F-DB046BA92E96}
	EndGlobalSection
EndGlobal
